
Microsoft Visual Studio Solution File, Format Version 12.00
# Visual Studio Version 16
VisualStudioVersion = 16.0.29102.190
MinimumVisualStudioVersion = 10.0.40219.1
Project("{FAE04EC0-301F-11D3-BF4B-00C04F79EFBC}") = "Course_list", "Course_list\Course_list.csproj", "{4D1A2FF7-B099-4A8D-B6CB-4F995D28C904}"
EndProject
Global
	GlobalSection(SolutionConfigurationPlatforms) = preSolution
		Debug|Any CPU = Debug|Any CPU
		Release|Any CPU = Release|Any CPU
	EndGlobalSection
	GlobalSection(ProjectConfigurationPlatforms) = postSolution
		{4D1A2FF7-B099-4A8D-B6CB-4F995D28C904}.Debug|Any CPU.ActiveCfg = Debug|Any CPU
		{4D1A2FF7-B099-4A8D-B6CB-4F995D28C904}.Debug|Any CPU.Build.0 = Debug|Any CPU
		{4D1A2FF7-B099-4A8D-B6CB-4F995D28C904}.Release|Any CPU.ActiveCfg = Release|Any CPU
		{4D1A2FF7-B099-4A8D-B6CB-4F995D28C904}.Release|Any CPU.Build.0 = Release|Any CPU
	EndGlobalSection
	GlobalSection(SolutionProperties) = preSolution
		HideSolutionNode = FALSE
	EndGlobalSection
	GlobalSection(ExtensibilityGlobals) = postSolution
		SolutionGuid = {88453D52-FC41-48D4-AA5A-FFFCBF92C654}
	EndGlobalSection
EndGlobal
